
Microsoft Visual Studio Solution File, Format Version 12.00
# Visual Studio Version 17
VisualStudioVersion = 17.1.31903.286
MinimumVisualStudioVersion = 10.0.40219.1
Project("{8BC9CEB8-8B4A-11D0-8D11-00A0C91BC942}") = "DS Assignment 2", "DS Assignment 2\DS Assignment 2.vcxproj", "{A1A54451-A82B-45B1-A691-03A20FDF3833}"
EndProject
Global
	GlobalSection(SolutionConfigurationPlatforms) = preSolution
		Debug|x64 = Debug|x64
		Debug|x86 = Debug|x86
		Release|x64 = Release|x64
		Release|x86 = Release|x86
	EndGlobalSection
	GlobalSection(ProjectConfigurationPlatforms) = postSolution
		{A1A54451-A82B-45B1-A691-03A20FDF3833}.Debug|x64.ActiveCfg = Debug|x64
		{A1A54451-A82B-45B1-A691-03A20FDF3833}.Debug|x64.Build.0 = Debug|x64
		{A1A54451-A82B-45B1-A691-03A20FDF3833}.Debug|x86.ActiveCfg = Debug|Win32
		{A1A54451-A82B-45B1-A691-03A20FDF3833}.Debug|x86.Build.0 = Debug|Win32
		{A1A54451-A82B-45B1-A691-03A20FDF3833}.Release|x64.ActiveCfg = Release|x64
		{A1A54451-A82B-45B1-A691-03A20FDF3833}.Release|x64.Build.0 = Release|x64
		{A1A54451-A82B-45B1-A691-03A20FDF3833}.Release|x86.ActiveCfg = Release|Win32
		{A1A54451-A82B-45B1-A691-03A20FDF3833}.Release|x86.Build.0 = Release|Win32
	EndGlobalSection
	GlobalSection(SolutionProperties) = preSolution
		HideSolutionNode = FALSE
	EndGlobalSection
	GlobalSection(ExtensibilityGlobals) = postSolution
		SolutionGuid = {B74F8CF6-F895-4454-A4B2-C264E76ED9AD}
	EndGlobalSection
EndGlobal
